
Microsoft Visual Studio Solution File, Format Version 12.00
# Visual Studio Version 16
VisualStudioVersion = 16.0.29613.14
MinimumVisualStudioVersion = 10.0.40219.1
Project("{FAE04EC0-301F-11D3-BF4B-00C04F79EFBC}") = "ByteIO", "ByteIO\ByteIO.csproj", "{3315C618-8540-4A49-819B-AD2C9E19DC76}"
EndProject
Global
	GlobalSection(SolutionConfigurationPlatforms) = preSolution
		Debug|Any CPU = Debug|Any CPU
		Release|Any CPU = Release|Any CPU
	EndGlobalSection
	GlobalSection(ProjectConfigurationPlatforms) = postSolution
		{3315C618-8540-4A49-819B-AD2C9E19DC76}.Debug|Any CPU.ActiveCfg = Debug|Any CPU
		{3315C618-8540-4A49-819B-AD2C9E19DC76}.Debug|Any CPU.Build.0 = Debug|Any CPU
		{3315C618-8540-4A49-819B-AD2C9E19DC76}.Release|Any CPU.ActiveCfg = Release|Any CPU
		{3315C618-8540-4A49-819B-AD2C9E19DC76}.Release|Any CPU.Build.0 = Release|Any CPU
	EndGlobalSection
	GlobalSection(SolutionProperties) = preSolution
		HideSolutionNode = FALSE
	EndGlobalSection
	GlobalSection(ExtensibilityGlobals) = postSolution
		SolutionGuid = {090C70BF-6E71-4188-BEB4-F9A7A9E14AED}
	EndGlobalSection
EndGlobal
