
Microsoft Visual Studio Solution File, Format Version 12.00
# Visual Studio Version 16
VisualStudioVersion = 16.0.29613.14
MinimumVisualStudioVersion = 10.0.40219.1
Project("{FAE04EC0-301F-11D3-BF4B-00C04F79EFBC}") = "Delegates", "Delegates.csproj", "{95B83062-651E-4949-9909-B0B6AD08DD15}"
EndProject
Global
	GlobalSection(SolutionConfigurationPlatforms) = preSolution
		Debug|Any CPU = Debug|Any CPU
		Release|Any CPU = Release|Any CPU
	EndGlobalSection
	GlobalSection(ProjectConfigurationPlatforms) = postSolution
		{95B83062-651E-4949-9909-B0B6AD08DD15}.Debug|Any CPU.ActiveCfg = Debug|Any CPU
		{95B83062-651E-4949-9909-B0B6AD08DD15}.Debug|Any CPU.Build.0 = Debug|Any CPU
		{95B83062-651E-4949-9909-B0B6AD08DD15}.Release|Any CPU.ActiveCfg = Release|Any CPU
		{95B83062-651E-4949-9909-B0B6AD08DD15}.Release|Any CPU.Build.0 = Release|Any CPU
	EndGlobalSection
	GlobalSection(SolutionProperties) = preSolution
		HideSolutionNode = FALSE
	EndGlobalSection
	GlobalSection(ExtensibilityGlobals) = postSolution
		SolutionGuid = {48B09DE5-FD73-4FB5-AB8B-B55A02B22329}
	EndGlobalSection
EndGlobal
