
Microsoft Visual Studio Solution File, Format Version 12.00
# Visual Studio Version 16
VisualStudioVersion = 16.0.29613.14
MinimumVisualStudioVersion = 10.0.40219.1
Project("{FAE04EC0-301F-11D3-BF4B-00C04F79EFBC}") = "LINQ", "LINQ.csproj", "{A0867EE0-2AA0-4FE9-B2CA-503032A9DD1A}"
EndProject
Global
	GlobalSection(SolutionConfigurationPlatforms) = preSolution
		Debug|Any CPU = Debug|Any CPU
		Release|Any CPU = Release|Any CPU
	EndGlobalSection
	GlobalSection(ProjectConfigurationPlatforms) = postSolution
		{A0867EE0-2AA0-4FE9-B2CA-503032A9DD1A}.Debug|Any CPU.ActiveCfg = Debug|Any CPU
		{A0867EE0-2AA0-4FE9-B2CA-503032A9DD1A}.Debug|Any CPU.Build.0 = Debug|Any CPU
		{A0867EE0-2AA0-4FE9-B2CA-503032A9DD1A}.Release|Any CPU.ActiveCfg = Release|Any CPU
		{A0867EE0-2AA0-4FE9-B2CA-503032A9DD1A}.Release|Any CPU.Build.0 = Release|Any CPU
	EndGlobalSection
	GlobalSection(SolutionProperties) = preSolution
		HideSolutionNode = FALSE
	EndGlobalSection
	GlobalSection(ExtensibilityGlobals) = postSolution
		SolutionGuid = {04FF7E07-B02B-4FFA-9BD9-1DA8B39319B5}
	EndGlobalSection
EndGlobal
