
Microsoft Visual Studio Solution File, Format Version 12.00
# Visual Studio Version 16
VisualStudioVersion = 16.0.29613.14
MinimumVisualStudioVersion = 10.0.40219.1
Project("{FAE04EC0-301F-11D3-BF4B-00C04F79EFBC}") = "FileIO", "FileIO\FileIO.csproj", "{66C96D8D-BCEA-45F5-813B-6FB3F252DCF0}"
EndProject
Global
	GlobalSection(SolutionConfigurationPlatforms) = preSolution
		Debug|Any CPU = Debug|Any CPU
		Release|Any CPU = Release|Any CPU
	EndGlobalSection
	GlobalSection(ProjectConfigurationPlatforms) = postSolution
		{66C96D8D-BCEA-45F5-813B-6FB3F252DCF0}.Debug|Any CPU.ActiveCfg = Debug|Any CPU
		{66C96D8D-BCEA-45F5-813B-6FB3F252DCF0}.Debug|Any CPU.Build.0 = Debug|Any CPU
		{66C96D8D-BCEA-45F5-813B-6FB3F252DCF0}.Release|Any CPU.ActiveCfg = Release|Any CPU
		{66C96D8D-BCEA-45F5-813B-6FB3F252DCF0}.Release|Any CPU.Build.0 = Release|Any CPU
	EndGlobalSection
	GlobalSection(SolutionProperties) = preSolution
		HideSolutionNode = FALSE
	EndGlobalSection
	GlobalSection(ExtensibilityGlobals) = postSolution
		SolutionGuid = {B50AB290-2ED2-499C-B326-EB7AA64A3E13}
	EndGlobalSection
EndGlobal
